// !$*UTF8*$!
{
	archiveVersion = 1;
	classes = {
	};
	objectVersion = 56;
	objects = {

/* Begin PBXBuildFile section */
		E72D83382B0617C300F19508 /* SongView.swift in Sources */ = {isa = PBXBuildFile; fileRef = E72D83372B0617C300F19508 /* SongView.swift */; };
		E7567E4C2B04C577001CA2FF /* StuffViewModel.swift in Sources */ = {isa = PBXBuildFile; fileRef = E7567E4B2B04C577001CA2FF /* StuffViewModel.swift */; };
		E7567E4E2B04C5C9001CA2FF /* Stuff.swift in Sources */ = {isa = PBXBuildFile; fileRef = E7567E4D2B04C5C9001CA2FF /* Stuff.swift */; };
		E7567E502B04C6DD001CA2FF /* OthersView.swift in Sources */ = {isa = PBXBuildFile; fileRef = E7567E4F2B04C6DD001CA2FF /* OthersView.swift */; };
		E76AFB332B0CA3ED00B15623 /* PlayListsView.swift in Sources */ = {isa = PBXBuildFile; fileRef = E76AFB322B0CA3ED00B15623 /* PlayListsView.swift */; };
		E76AFB352B0CA75500B15623 /* AlbumsView.swift in Sources */ = {isa = PBXBuildFile; fileRef = E76AFB342B0CA75500B15623 /* AlbumsView.swift */; };
		E76AFB372B0CA77000B15623 /* ArtistsView.swift in Sources */ = {isa = PBXBuildFile; fileRef = E76AFB362B0CA77000B15623 /* ArtistsView.swift */; };
		E76AFB392B0CA7A900B15623 /* SongsView.swift in Sources */ = {isa = PBXBuildFile; fileRef = E76AFB382B0CA7A900B15623 /* SongsView.swift */; };
		E76AFB3B2B0CA7B400B15623 /* GenresView.swift in Sources */ = {isa = PBXBuildFile; fileRef = E76AFB3A2B0CA7B400B15623 /* GenresView.swift */; };
		E76AFB3D2B0CA7BD00B15623 /* ComposersView.swift in Sources */ = {isa = PBXBuildFile; fileRef = E76AFB3C2B0CA7BD00B15623 /* ComposersView.swift */; };
		E76AFB4E2B0CC52C00B15623 /* MainView.swift in Sources */ = {isa = PBXBuildFile; fileRef = E76AFB4D2B0CC52C00B15623 /* MainView.swift */; };
		E793B7BB2B0DF3D3003DEB91 /* SearchBar.swift in Sources */ = {isa = PBXBuildFile; fileRef = E793B7BA2B0DF3D3003DEB91 /* SearchBar.swift */; };
		E793B7BD2B0E233D003DEB91 /* MiniPlayerView.swift in Sources */ = {isa = PBXBuildFile; fileRef = E793B7BC2B0E233D003DEB91 /* MiniPlayerView.swift */; };
		E7B6F5A22B0685E900E40FF9 /* RecentlyView.swift in Sources */ = {isa = PBXBuildFile; fileRef = E7B6F5A12B0685E900E40FF9 /* RecentlyView.swift */; };
		E7B6F5A42B0695EA00E40FF9 /* ListView.swift in Sources */ = {isa = PBXBuildFile; fileRef = E7B6F5A32B0695EA00E40FF9 /* ListView.swift */; };
		E7BE06032B0D0A4400B233D6 /* ListenNowView.swift in Sources */ = {isa = PBXBuildFile; fileRef = E7BE06022B0D0A4400B233D6 /* ListenNowView.swift */; };
		E7BE06052B0D0AB200B233D6 /* BrowseView.swift in Sources */ = {isa = PBXBuildFile; fileRef = E7BE06042B0D0AB200B233D6 /* BrowseView.swift */; };
		E7BE06072B0D0ABF00B233D6 /* RadioView.swift in Sources */ = {isa = PBXBuildFile; fileRef = E7BE06062B0D0ABF00B233D6 /* RadioView.swift */; };
		E7BE06092B0D0AEB00B233D6 /* SearchView.swift in Sources */ = {isa = PBXBuildFile; fileRef = E7BE06082B0D0AEB00B233D6 /* SearchView.swift */; };
		E7BE060C2B0D0D6C00B233D6 /* Cat.swift in Sources */ = {isa = PBXBuildFile; fileRef = E7BE060B2B0D0D6C00B233D6 /* Cat.swift */; };
		E7BE060E2B0D0DDD00B233D6 /* CategoryViewModel.swift in Sources */ = {isa = PBXBuildFile; fileRef = E7BE060D2B0D0DDD00B233D6 /* CategoryViewModel.swift */; };
		E7BE06122B0D19D200B233D6 /* CategoryView.swift in Sources */ = {isa = PBXBuildFile; fileRef = E7BE06112B0D19D200B233D6 /* CategoryView.swift */; };
		E7BE06142B0D3A1A00B233D6 /* SearchMainView.swift in Sources */ = {isa = PBXBuildFile; fileRef = E7BE06132B0D3A1A00B233D6 /* SearchMainView.swift */; };
		E7DD16402B037F5D00D5B6A8 /* MusicApp.swift in Sources */ = {isa = PBXBuildFile; fileRef = E7DD163F2B037F5D00D5B6A8 /* MusicApp.swift */; };
		E7DD16442B037F5F00D5B6A8 /* Assets.xcassets in Resources */ = {isa = PBXBuildFile; fileRef = E7DD16432B037F5F00D5B6A8 /* Assets.xcassets */; };
		E7DD16472B037F5F00D5B6A8 /* Preview Assets.xcassets in Resources */ = {isa = PBXBuildFile; fileRef = E7DD16462B037F5F00D5B6A8 /* Preview Assets.xcassets */; };
		E7DD164F2B037FB000D5B6A8 /* Song.swift in Sources */ = {isa = PBXBuildFile; fileRef = E7DD164E2B037FB000D5B6A8 /* Song.swift */; };
		E7DD16522B0380C700D5B6A8 /* SongViewModel.swift in Sources */ = {isa = PBXBuildFile; fileRef = E7DD16512B0380C700D5B6A8 /* SongViewModel.swift */; };
		E7DD16552B0382F700D5B6A8 /* LibraryView.swift in Sources */ = {isa = PBXBuildFile; fileRef = E7DD16542B0382F700D5B6A8 /* LibraryView.swift */; };
/* End PBXBuildFile section */

/* Begin PBXFileReference section */
		E72D83372B0617C300F19508 /* SongView.swift */ = {isa = PBXFileReference; lastKnownFileType = sourcecode.swift; path = SongView.swift; sourceTree = "<group>"; };
		E7567E4B2B04C577001CA2FF /* StuffViewModel.swift */ = {isa = PBXFileReference; lastKnownFileType = sourcecode.swift; path = StuffViewModel.swift; sourceTree = "<group>"; };
		E7567E4D2B04C5C9001CA2FF /* Stuff.swift */ = {isa = PBXFileReference; lastKnownFileType = sourcecode.swift; path = Stuff.swift; sourceTree = "<group>"; };
		E7567E4F2B04C6DD001CA2FF /* OthersView.swift */ = {isa = PBXFileReference; lastKnownFileType = sourcecode.swift; path = OthersView.swift; sourceTree = "<group>"; };
		E76AFB322B0CA3ED00B15623 /* PlayListsView.swift */ = {isa = PBXFileReference; lastKnownFileType = sourcecode.swift; path = PlayListsView.swift; sourceTree = "<group>"; };
		E76AFB342B0CA75500B15623 /* AlbumsView.swift */ = {isa = PBXFileReference; lastKnownFileType = sourcecode.swift; path = AlbumsView.swift; sourceTree = "<group>"; };
		E76AFB362B0CA77000B15623 /* ArtistsView.swift */ = {isa = PBXFileReference; lastKnownFileType = sourcecode.swift; path = ArtistsView.swift; sourceTree = "<group>"; };
		E76AFB382B0CA7A900B15623 /* SongsView.swift */ = {isa = PBXFileReference; lastKnownFileType = sourcecode.swift; path = SongsView.swift; sourceTree = "<group>"; };
		E76AFB3A2B0CA7B400B15623 /* GenresView.swift */ = {isa = PBXFileReference; lastKnownFileType = sourcecode.swift; path = GenresView.swift; sourceTree = "<group>"; };
		E76AFB3C2B0CA7BD00B15623 /* ComposersView.swift */ = {isa = PBXFileReference; lastKnownFileType = sourcecode.swift; path = ComposersView.swift; sourceTree = "<group>"; };
		E76AFB4D2B0CC52C00B15623 /* MainView.swift */ = {isa = PBXFileReference; lastKnownFileType = sourcecode.swift; path = MainView.swift; sourceTree = "<group>"; };
		E793B7BA2B0DF3D3003DEB91 /* SearchBar.swift */ = {isa = PBXFileReference; lastKnownFileType = sourcecode.swift; path = SearchBar.swift; sourceTree = "<group>"; };
		E793B7BC2B0E233D003DEB91 /* MiniPlayerView.swift */ = {isa = PBXFileReference; lastKnownFileType = sourcecode.swift; path = MiniPlayerView.swift; sourceTree = "<group>"; };
		E7B6F5A12B0685E900E40FF9 /* RecentlyView.swift */ = {isa = PBXFileReference; lastKnownFileType = sourcecode.swift; path = RecentlyView.swift; sourceTree = "<group>"; };
		E7B6F5A32B0695EA00E40FF9 /* ListView.swift */ = {isa = PBXFileReference; lastKnownFileType = sourcecode.swift; path = ListView.swift; sourceTree = "<group>"; };
		E7BE06012B0CFB2200B233D6 /* Info.plist */ = {isa = PBXFileReference; lastKnownFileType = text.plist; path = Info.plist; sourceTree = "<group>"; };
		E7BE06022B0D0A4400B233D6 /* ListenNowView.swift */ = {isa = PBXFileReference; lastKnownFileType = sourcecode.swift; path = ListenNowView.swift; sourceTree = "<group>"; };
		E7BE06042B0D0AB200B233D6 /* BrowseView.swift */ = {isa = PBXFileReference; lastKnownFileType = sourcecode.swift; path = BrowseView.swift; sourceTree = "<group>"; };
		E7BE06062B0D0ABF00B233D6 /* RadioView.swift */ = {isa = PBXFileReference; lastKnownFileType = sourcecode.swift; path = RadioView.swift; sourceTree = "<group>"; };
		E7BE06082B0D0AEB00B233D6 /* SearchView.swift */ = {isa = PBXFileReference; lastKnownFileType = sourcecode.swift; path = SearchView.swift; sourceTree = "<group>"; };
		E7BE060B2B0D0D6C00B233D6 /* Cat.swift */ = {isa = PBXFileReference; lastKnownFileType = sourcecode.swift; path = Cat.swift; sourceTree = "<group>"; };
		E7BE060D2B0D0DDD00B233D6 /* CategoryViewModel.swift */ = {isa = PBXFileReference; lastKnownFileType = sourcecode.swift; path = CategoryViewModel.swift; sourceTree = "<group>"; };
		E7BE06112B0D19D200B233D6 /* CategoryView.swift */ = {isa = PBXFileReference; lastKnownFileType = sourcecode.swift; path = CategoryView.swift; sourceTree = "<group>"; };
		E7BE06132B0D3A1A00B233D6 /* SearchMainView.swift */ = {isa = PBXFileReference; lastKnownFileType = sourcecode.swift; path = SearchMainView.swift; sourceTree = "<group>"; };
		E7DD163C2B037F5D00D5B6A8 /* Music.app */ = {isa = PBXFileReference; explicitFileType = wrapper.application; includeInIndex = 0; path = Music.app; sourceTree = BUILT_PRODUCTS_DIR; };
		E7DD163F2B037F5D00D5B6A8 /* MusicApp.swift */ = {isa = PBXFileReference; lastKnownFileType = sourcecode.swift; path = MusicApp.swift; sourceTree = "<group>"; };
		E7DD16432B037F5F00D5B6A8 /* Assets.xcassets */ = {isa = PBXFileReference; lastKnownFileType = folder.assetcatalog; path = Assets.xcassets; sourceTree = "<group>"; };
		E7DD16462B037F5F00D5B6A8 /* Preview Assets.xcassets */ = {isa = PBXFileReference; lastKnownFileType = folder.assetcatalog; path = "Preview Assets.xcassets"; sourceTree = "<group>"; };
		E7DD164E2B037FB000D5B6A8 /* Song.swift */ = {isa = PBXFileReference; lastKnownFileType = sourcecode.swift; path = Song.swift; sourceTree = "<group>"; };
		E7DD16512B0380C700D5B6A8 /* SongViewModel.swift */ = {isa = PBXFileReference; lastKnownFileType = sourcecode.swift; path = SongViewModel.swift; sourceTree = "<group>"; };
		E7DD16542B0382F700D5B6A8 /* LibraryView.swift */ = {isa = PBXFileReference; lastKnownFileType = sourcecode.swift; path = LibraryView.swift; sourceTree = "<group>"; };
/* End PBXFileReference section */

/* Begin PBXFrameworksBuildPhase section */
		E7DD16392B037F5D00D5B6A8 /* Frameworks */ = {
			isa = PBXFrameworksBuildPhase;
			buildActionMask = 2147483647;
			files = (
			);
			runOnlyForDeploymentPostprocessing = 0;
		};
/* End PBXFrameworksBuildPhase section */

/* Begin PBXGroup section */
		E793B7BE2B0E4379003DEB91 /* Library */ = {
			isa = PBXGroup;
			children = (
				E7DD16542B0382F700D5B6A8 /* LibraryView.swift */,
				E76AFB322B0CA3ED00B15623 /* PlayListsView.swift */,
				E76AFB342B0CA75500B15623 /* AlbumsView.swift */,
				E76AFB362B0CA77000B15623 /* ArtistsView.swift */,
				E76AFB382B0CA7A900B15623 /* SongsView.swift */,
				E76AFB3A2B0CA7B400B15623 /* GenresView.swift */,
				E76AFB3C2B0CA7BD00B15623 /* ComposersView.swift */,
				E7B6F5A32B0695EA00E40FF9 /* ListView.swift */,
			);
			path = Library;
			sourceTree = "<group>";
		};
		E7BE060A2B0D0B0700B233D6 /* FromMainScreen */ = {
			isa = PBXGroup;
			children = (
				E7BE06042B0D0AB200B233D6 /* BrowseView.swift */,
				E7BE06062B0D0ABF00B233D6 /* RadioView.swift */,
				E7BE06082B0D0AEB00B233D6 /* SearchView.swift */,
				E7BE06022B0D0A4400B233D6 /* ListenNowView.swift */,
				E7BE06132B0D3A1A00B233D6 /* SearchMainView.swift */,
			);
			path = FromMainScreen;
			sourceTree = "<group>";
		};
		E7DD16332B037F5D00D5B6A8 = {
			isa = PBXGroup;
			children = (
				E7DD163E2B037F5D00D5B6A8 /* Music */,
				E7DD163D2B037F5D00D5B6A8 /* Products */,
			);
			sourceTree = "<group>";
		};
		E7DD163D2B037F5D00D5B6A8 /* Products */ = {
			isa = PBXGroup;
			children = (
				E7DD163C2B037F5D00D5B6A8 /* Music.app */,
			);
			name = Products;
			sourceTree = "<group>";
		};
		E7DD163E2B037F5D00D5B6A8 /* Music */ = {
			isa = PBXGroup;
			children = (
				E7BE06012B0CFB2200B233D6 /* Info.plist */,
				E7DD16532B0382E900D5B6A8 /* Views */,
				E7DD16502B0380A100D5B6A8 /* ViewModels */,
				E7DD164D2B037F9F00D5B6A8 /* Model */,
				E7DD163F2B037F5D00D5B6A8 /* MusicApp.swift */,
				E7DD16432B037F5F00D5B6A8 /* Assets.xcassets */,
				E7DD16452B037F5F00D5B6A8 /* Preview Content */,
			);
			path = Music;
			sourceTree = "<group>";
		};
		E7DD16452B037F5F00D5B6A8 /* Preview Content */ = {
			isa = PBXGroup;
			children = (
				E7DD16462B037F5F00D5B6A8 /* Preview Assets.xcassets */,
			);
			path = "Preview Content";
			sourceTree = "<group>";
		};
		E7DD164D2B037F9F00D5B6A8 /* Model */ = {
			isa = PBXGroup;
			children = (
				E7DD164E2B037FB000D5B6A8 /* Song.swift */,
				E7567E4D2B04C5C9001CA2FF /* Stuff.swift */,
				E7BE060B2B0D0D6C00B233D6 /* Cat.swift */,
			);
			path = Model;
			sourceTree = "<group>";
		};
		E7DD16502B0380A100D5B6A8 /* ViewModels */ = {
			isa = PBXGroup;
			children = (
				E7DD16512B0380C700D5B6A8 /* SongViewModel.swift */,
				E7567E4B2B04C577001CA2FF /* StuffViewModel.swift */,
				E7BE060D2B0D0DDD00B233D6 /* CategoryViewModel.swift */,
			);
			path = ViewModels;
			sourceTree = "<group>";
		};
		E7DD16532B0382E900D5B6A8 /* Views */ = {
			isa = PBXGroup;
			children = (
				E793B7BE2B0E4379003DEB91 /* Library */,
				E7567E4F2B04C6DD001CA2FF /* OthersView.swift */,
				E72D83372B0617C300F19508 /* SongView.swift */,
				E7B6F5A12B0685E900E40FF9 /* RecentlyView.swift */,
				E76AFB4D2B0CC52C00B15623 /* MainView.swift */,
				E7BE06112B0D19D200B233D6 /* CategoryView.swift */,
				E7BE060A2B0D0B0700B233D6 /* FromMainScreen */,
				E793B7BA2B0DF3D3003DEB91 /* SearchBar.swift */,
				E793B7BC2B0E233D003DEB91 /* MiniPlayerView.swift */,
			);
			path = Views;
			sourceTree = "<group>";
		};
/* End PBXGroup section */

/* Begin PBXNativeTarget section */
		E7DD163B2B037F5D00D5B6A8 /* Music */ = {
			isa = PBXNativeTarget;
			buildConfigurationList = E7DD164A2B037F5F00D5B6A8 /* Build configuration list for PBXNativeTarget "Music" */;
			buildPhases = (
				E7DD16382B037F5D00D5B6A8 /* Sources */,
				E7DD16392B037F5D00D5B6A8 /* Frameworks */,
				E7DD163A2B037F5D00D5B6A8 /* Resources */,
			);
			buildRules = (
			);
			dependencies = (
			);
			name = Music;
			packageProductDependencies = (
			);
			productName = Music;
			productReference = E7DD163C2B037F5D00D5B6A8 /* Music.app */;
			productType = "com.apple.product-type.application";
		};
/* End PBXNativeTarget section */

/* Begin PBXProject section */
		E7DD16342B037F5D00D5B6A8 /* Project object */ = {
			isa = PBXProject;
			attributes = {
				BuildIndependentTargetsInParallel = 1;
				LastSwiftUpdateCheck = 1500;
				LastUpgradeCheck = 1500;
				TargetAttributes = {
					E7DD163B2B037F5D00D5B6A8 = {
						CreatedOnToolsVersion = 15.0;
					};
				};
			};
			buildConfigurationList = E7DD16372B037F5D00D5B6A8 /* Build configuration list for PBXProject "Music" */;
			compatibilityVersion = "Xcode 14.0";
			developmentRegion = en;
			hasScannedForEncodings = 0;
			knownRegions = (
				en,
				Base,
			);
			mainGroup = E7DD16332B037F5D00D5B6A8;
			packageReferences = (
				E76AFB3E2B0CC10900B15623 /* XCRemoteSwiftPackageReference "SwiftUI-Introspect" */,
			);
			productRefGroup = E7DD163D2B037F5D00D5B6A8 /* Products */;
			projectDirPath = "";
			projectRoot = "";
			targets = (
				E7DD163B2B037F5D00D5B6A8 /* Music */,
			);
		};
/* End PBXProject section */

/* Begin PBXResourcesBuildPhase section */
		E7DD163A2B037F5D00D5B6A8 /* Resources */ = {
			isa = PBXResourcesBuildPhase;
			buildActionMask = 2147483647;
			files = (
				E7DD16472B037F5F00D5B6A8 /* Preview Assets.xcassets in Resources */,
				E7DD16442B037F5F00D5B6A8 /* Assets.xcassets in Resources */,
			);
			runOnlyForDeploymentPostprocessing = 0;
		};
/* End PBXResourcesBuildPhase section */

/* Begin PBXSourcesBuildPhase section */
		E7DD16382B037F5D00D5B6A8 /* Sources */ = {
			isa = PBXSourcesBuildPhase;
			buildActionMask = 2147483647;
			files = (
				E76AFB332B0CA3ED00B15623 /* PlayListsView.swift in Sources */,
				E76AFB3D2B0CA7BD00B15623 /* ComposersView.swift in Sources */,
				E72D83382B0617C300F19508 /* SongView.swift in Sources */,
				E7DD164F2B037FB000D5B6A8 /* Song.swift in Sources */,
				E7BE06072B0D0ABF00B233D6 /* RadioView.swift in Sources */,
				E7B6F5A42B0695EA00E40FF9 /* ListView.swift in Sources */,
				E7BE060E2B0D0DDD00B233D6 /* CategoryViewModel.swift in Sources */,
				E76AFB3B2B0CA7B400B15623 /* GenresView.swift in Sources */,
				E7DD16522B0380C700D5B6A8 /* SongViewModel.swift in Sources */,
				E793B7BD2B0E233D003DEB91 /* MiniPlayerView.swift in Sources */,
				E7567E502B04C6DD001CA2FF /* OthersView.swift in Sources */,
				E7BE06142B0D3A1A00B233D6 /* SearchMainView.swift in Sources */,
				E76AFB4E2B0CC52C00B15623 /* MainView.swift in Sources */,
				E7BE06092B0D0AEB00B233D6 /* SearchView.swift in Sources */,
				E793B7BB2B0DF3D3003DEB91 /* SearchBar.swift in Sources */,
				E76AFB352B0CA75500B15623 /* AlbumsView.swift in Sources */,
				E7BE06052B0D0AB200B233D6 /* BrowseView.swift in Sources */,
				E7BE06122B0D19D200B233D6 /* CategoryView.swift in Sources */,
				E76AFB392B0CA7A900B15623 /* SongsView.swift in Sources */,
				E7DD16402B037F5D00D5B6A8 /* MusicApp.swift in Sources */,
				E7B6F5A22B0685E900E40FF9 /* RecentlyView.swift in Sources */,
				E7DD16552B0382F700D5B6A8 /* LibraryView.swift in Sources */,
				E7567E4E2B04C5C9001CA2FF /* Stuff.swift in Sources */,
				E7567E4C2B04C577001CA2FF /* StuffViewModel.swift in Sources */,
				E7BE06032B0D0A4400B233D6 /* ListenNowView.swift in Sources */,
				E76AFB372B0CA77000B15623 /* ArtistsView.swift in Sources */,
				E7BE060C2B0D0D6C00B233D6 /* Cat.swift in Sources */,
			);
			runOnlyForDeploymentPostprocessing = 0;
		};
/* End PBXSourcesBuildPhase section */

/* Begin XCBuildConfiguration section */
		E7DD16482B037F5F00D5B6A8 /* Debug */ = {
			isa = XCBuildConfiguration;
			buildSettings = {
				ALWAYS_SEARCH_USER_PATHS = NO;
				ASSETCATALOG_COMPILER_GENERATE_SWIFT_ASSET_SYMBOL_EXTENSIONS = YES;
				CLANG_ANALYZER_NONNULL = YES;
				CLANG_ANALYZER_NUMBER_OBJECT_CONVERSION = YES_AGGRESSIVE;
				CLANG_CXX_LANGUAGE_STANDARD = "gnu++20";
				CLANG_ENABLE_MODULES = YES;
				CLANG_ENABLE_OBJC_ARC = YES;
				CLANG_ENABLE_OBJC_WEAK = YES;
				CLANG_WARN_BLOCK_CAPTURE_AUTORELEASING = YES;
				CLANG_WARN_BOOL_CONVERSION = YES;
				CLANG_WARN_COMMA = YES;
				CLANG_WARN_CONSTANT_CONVERSION = YES;
				CLANG_WARN_DEPRECATED_OBJC_IMPLEMENTATIONS = YES;
				CLANG_WARN_DIRECT_OBJC_ISA_USAGE = YES_ERROR;
				CLANG_WARN_DOCUMENTATION_COMMENTS = YES;
				CLANG_WARN_EMPTY_BODY = YES;
				CLANG_WARN_ENUM_CONVERSION = YES;
				CLANG_WARN_INFINITE_RECURSION = YES;
				CLANG_WARN_INT_CONVERSION = YES;
				CLANG_WARN_NON_LITERAL_NULL_CONVERSION = YES;
				CLANG_WARN_OBJC_IMPLICIT_RETAIN_SELF = YES;
				CLANG_WARN_OBJC_LITERAL_CONVERSION = YES;
				CLANG_WARN_OBJC_ROOT_CLASS = YES_ERROR;
				CLANG_WARN_QUOTED_INCLUDE_IN_FRAMEWORK_HEADER = YES;
				CLANG_WARN_RANGE_LOOP_ANALYSIS = YES;
				CLANG_WARN_STRICT_PROTOTYPES = YES;
				CLANG_WARN_SUSPICIOUS_MOVE = YES;
				CLANG_WARN_UNGUARDED_AVAILABILITY = YES_AGGRESSIVE;
				CLANG_WARN_UNREACHABLE_CODE = YES;
				CLANG_WARN__DUPLICATE_METHOD_MATCH = YES;
				COPY_PHASE_STRIP = NO;
				DEBUG_INFORMATION_FORMAT = dwarf;
				ENABLE_STRICT_OBJC_MSGSEND = YES;
				ENABLE_TESTABILITY = YES;
				ENABLE_USER_SCRIPT_SANDBOXING = YES;
				GCC_C_LANGUAGE_STANDARD = gnu17;
				GCC_DYNAMIC_NO_PIC = NO;
				GCC_NO_COMMON_BLOCKS = YES;
				GCC_OPTIMIZATION_LEVEL = 0;
				GCC_PREPROCESSOR_DEFINITIONS = (
					"DEBUG=1",
					"$(inherited)",
				);
				GCC_WARN_64_TO_32_BIT_CONVERSION = YES;
				GCC_WARN_ABOUT_RETURN_TYPE = YES_ERROR;
				GCC_WARN_UNDECLARED_SELECTOR = YES;
				GCC_WARN_UNINITIALIZED_AUTOS = YES_AGGRESSIVE;
				GCC_WARN_UNUSED_FUNCTION = YES;
				GCC_WARN_UNUSED_VARIABLE = YES;
				IPHONEOS_DEPLOYMENT_TARGET = 17.0;
				LOCALIZATION_PREFERS_STRING_CATALOGS = YES;
				MTL_ENABLE_DEBUG_INFO = INCLUDE_SOURCE;
				MTL_FAST_MATH = YES;
				ONLY_ACTIVE_ARCH = YES;
				SDKROOT = iphoneos;
				SWIFT_ACTIVE_COMPILATION_CONDITIONS = "DEBUG $(inherited)";
				SWIFT_OPTIMIZATION_LEVEL = "-Onone";
			};
			name = Debug;
		};
		E7DD16492B037F5F00D5B6A8 /* Release */ = {
			isa = XCBuildConfiguration;
			buildSettings = {
				ALWAYS_SEARCH_USER_PATHS = NO;
				ASSETCATALOG_COMPILER_GENERATE_SWIFT_ASSET_SYMBOL_EXTENSIONS = YES;
				CLANG_ANALYZER_NONNULL = YES;
				CLANG_ANALYZER_NUMBER_OBJECT_CONVERSION = YES_AGGRESSIVE;
				CLANG_CXX_LANGUAGE_STANDARD = "gnu++20";
				CLANG_ENABLE_MODULES = YES;
				CLANG_ENABLE_OBJC_ARC = YES;
				CLANG_ENABLE_OBJC_WEAK = YES;
				CLANG_WARN_BLOCK_CAPTURE_AUTORELEASING = YES;
				CLANG_WARN_BOOL_CONVERSION = YES;
				CLANG_WARN_COMMA = YES;
				CLANG_WARN_CONSTANT_CONVERSION = YES;
				CLANG_WARN_DEPRECATED_OBJC_IMPLEMENTATIONS = YES;
				CLANG_WARN_DIRECT_OBJC_ISA_USAGE = YES_ERROR;
				CLANG_WARN_DOCUMENTATION_COMMENTS = YES;
				CLANG_WARN_EMPTY_BODY = YES;
				CLANG_WARN_ENUM_CONVERSION = YES;
				CLANG_WARN_INFINITE_RECURSION = YES;
				CLANG_WARN_INT_CONVERSION = YES;
				CLANG_WARN_NON_LITERAL_NULL_CONVERSION = YES;
				CLANG_WARN_OBJC_IMPLICIT_RETAIN_SELF = YES;
				CLANG_WARN_OBJC_LITERAL_CONVERSION = YES;
				CLANG_WARN_OBJC_ROOT_CLASS = YES_ERROR;
				CLANG_WARN_QUOTED_INCLUDE_IN_FRAMEWORK_HEADER = YES;
				CLANG_WARN_RANGE_LOOP_ANALYSIS = YES;
				CLANG_WARN_STRICT_PROTOTYPES = YES;
				CLANG_WARN_SUSPICIOUS_MOVE = YES;
				CLANG_WARN_UNGUARDED_AVAILABILITY = YES_AGGRESSIVE;
				CLANG_WARN_UNREACHABLE_CODE = YES;
				CLANG_WARN__DUPLICATE_METHOD_MATCH = YES;
				COPY_PHASE_STRIP = NO;
				DEBUG_INFORMATION_FORMAT = "dwarf-with-dsym";
				ENABLE_NS_ASSERTIONS = NO;
				ENABLE_STRICT_OBJC_MSGSEND = YES;
				ENABLE_USER_SCRIPT_SANDBOXING = YES;
				GCC_C_LANGUAGE_STANDARD = gnu17;
				GCC_NO_COMMON_BLOCKS = YES;
				GCC_WARN_64_TO_32_BIT_CONVERSION = YES;
				GCC_WARN_ABOUT_RETURN_TYPE = YES_ERROR;
				GCC_WARN_UNDECLARED_SELECTOR = YES;
				GCC_WARN_UNINITIALIZED_AUTOS = YES_AGGRESSIVE;
				GCC_WARN_UNUSED_FUNCTION = YES;
				GCC_WARN_UNUSED_VARIABLE = YES;
				IPHONEOS_DEPLOYMENT_TARGET = 17.0;
				LOCALIZATION_PREFERS_STRING_CATALOGS = YES;
				MTL_ENABLE_DEBUG_INFO = NO;
				MTL_FAST_MATH = YES;
				SDKROOT = iphoneos;
				SWIFT_COMPILATION_MODE = wholemodule;
				VALIDATE_PRODUCT = YES;
			};
			name = Release;
		};
		E7DD164B2B037F5F00D5B6A8 /* Debug */ = {
			isa = XCBuildConfiguration;
			buildSettings = {
				ASSETCATALOG_COMPILER_APPICON_NAME = AppIcon;
				ASSETCATALOG_COMPILER_GLOBAL_ACCENT_COLOR_NAME = AccentColor;
				CODE_SIGN_STYLE = Automatic;
				CURRENT_PROJECT_VERSION = 1;
				DEVELOPMENT_ASSET_PATHS = "\"Music/Preview Content\"";
				DEVELOPMENT_TEAM = ZFK4JX3BJ7;
				ENABLE_PREVIEWS = YES;
				GENERATE_INFOPLIST_FILE = YES;
				INFOPLIST_FILE = Music/Info.plist;
				INFOPLIST_KEY_UIApplicationSceneManifest_Generation = YES;
				INFOPLIST_KEY_UIApplicationSupportsIndirectInputEvents = YES;
				INFOPLIST_KEY_UILaunchScreen_Generation = YES;
				INFOPLIST_KEY_UISupportedInterfaceOrientations_iPad = "UIInterfaceOrientationPortrait UIInterfaceOrientationPortraitUpsideDown UIInterfaceOrientationLandscapeLeft UIInterfaceOrientationLandscapeRight";
				INFOPLIST_KEY_UISupportedInterfaceOrientations_iPhone = "UIInterfaceOrientationPortrait UIInterfaceOrientationLandscapeLeft UIInterfaceOrientationLandscapeRight";
				LD_RUNPATH_SEARCH_PATHS = (
					"$(inherited)",
					"@executable_path/Frameworks",
				);
				MARKETING_VERSION = 1.0;
				PRODUCT_BUNDLE_IDENTIFIER = com.perru.Music;
				PRODUCT_NAME = "$(TARGET_NAME)";
				SWIFT_EMIT_LOC_STRINGS = YES;
				SWIFT_VERSION = 5.0;
				TARGETED_DEVICE_FAMILY = "1,2";
			};
			name = Debug;
		};
		E7DD164C2B037F5F00D5B6A8 /* Release */ = {
			isa = XCBuildConfiguration;
			buildSettings = {
				ASSETCATALOG_COMPILER_APPICON_NAME = AppIcon;
				ASSETCATALOG_COMPILER_GLOBAL_ACCENT_COLOR_NAME = AccentColor;
				CODE_SIGN_STYLE = Automatic;
				CURRENT_PROJECT_VERSION = 1;
				DEVELOPMENT_ASSET_PATHS = "\"Music/Preview Content\"";
				DEVELOPMENT_TEAM = ZFK4JX3BJ7;
				ENABLE_PREVIEWS = YES;
				GENERATE_INFOPLIST_FILE = YES;
				INFOPLIST_FILE = Music/Info.plist;
				INFOPLIST_KEY_UIApplicationSceneManifest_Generation = YES;
				INFOPLIST_KEY_UIApplicationSupportsIndirectInputEvents = YES;
				INFOPLIST_KEY_UILaunchScreen_Generation = YES;
				INFOPLIST_KEY_UISupportedInterfaceOrientations_iPad = "UIInterfaceOrientationPortrait UIInterfaceOrientationPortraitUpsideDown UIInterfaceOrientationLandscapeLeft UIInterfaceOrientationLandscapeRight";
				INFOPLIST_KEY_UISupportedInterfaceOrientations_iPhone = "UIInterfaceOrientationPortrait UIInterfaceOrientationLandscapeLeft UIInterfaceOrientationLandscapeRight";
				LD_RUNPATH_SEARCH_PATHS = (
					"$(inherited)",
					"@executable_path/Frameworks",
				);
				MARKETING_VERSION = 1.0;
				PRODUCT_BUNDLE_IDENTIFIER = com.perru.Music;
				PRODUCT_NAME = "$(TARGET_NAME)";
				SWIFT_EMIT_LOC_STRINGS = YES;
				SWIFT_VERSION = 5.0;
				TARGETED_DEVICE_FAMILY = "1,2";
			};
			name = Release;
		};
/* End XCBuildConfiguration section */

/* Begin XCConfigurationList section */
		E7DD16372B037F5D00D5B6A8 /* Build configuration list for PBXProject "Music" */ = {
			isa = XCConfigurationList;
			buildConfigurations = (
				E7DD16482B037F5F00D5B6A8 /* Debug */,
				E7DD16492B037F5F00D5B6A8 /* Release */,
			);
			defaultConfigurationIsVisible = 0;
			defaultConfigurationName = Release;
		};
		E7DD164A2B037F5F00D5B6A8 /* Build configuration list for PBXNativeTarget "Music" */ = {
			isa = XCConfigurationList;
			buildConfigurations = (
				E7DD164B2B037F5F00D5B6A8 /* Debug */,
				E7DD164C2B037F5F00D5B6A8 /* Release */,
			);
			defaultConfigurationIsVisible = 0;
			defaultConfigurationName = Release;
		};
/* End XCConfigurationList section */

/* Begin XCRemoteSwiftPackageReference section */
		E76AFB3E2B0CC10900B15623 /* XCRemoteSwiftPackageReference "SwiftUI-Introspect" */ = {
			isa = XCRemoteSwiftPackageReference;
			repositoryURL = "https://github.com/siteline/SwiftUI-Introspect.git";
			requirement = {
				kind = upToNextMajorVersion;
				minimumVersion = 1.1.1;
			};
		};
/* End XCRemoteSwiftPackageReference section */
	};
	rootObject = E7DD16342B037F5D00D5B6A8 /* Project object */;
}
